
Microsoft Visual Studio Solution File, Format Version 12.00
# Visual Studio Version 17
VisualStudioVersion = 17.0.31919.166
MinimumVisualStudioVersion = 10.0.40219.1
Project("{FAE04EC0-301F-11D3-BF4B-00C04F79EFBC}") = "Fridge_API", "Fridge_API\Fridge_API.csproj", "{5EAD10EB-8F9E-4B08-A199-3587724B832B}"
EndProject
Global
	GlobalSection(SolutionConfigurationPlatforms) = preSolution
		Debug|Any CPU = Debug|Any CPU
		Release|Any CPU = Release|Any CPU
	EndGlobalSection
	GlobalSection(ProjectConfigurationPlatforms) = postSolution
		{5EAD10EB-8F9E-4B08-A199-3587724B832B}.Debug|Any CPU.ActiveCfg = Debug|Any CPU
		{5EAD10EB-8F9E-4B08-A199-3587724B832B}.Debug|Any CPU.Build.0 = Debug|Any CPU
		{5EAD10EB-8F9E-4B08-A199-3587724B832B}.Release|Any CPU.ActiveCfg = Release|Any CPU
		{5EAD10EB-8F9E-4B08-A199-3587724B832B}.Release|Any CPU.Build.0 = Release|Any CPU
	EndGlobalSection
	GlobalSection(SolutionProperties) = preSolution
		HideSolutionNode = FALSE
	EndGlobalSection
	GlobalSection(ExtensibilityGlobals) = postSolution
		SolutionGuid = {A4ABCAEA-DA89-44D9-AB9F-171460CA1AE8}
	EndGlobalSection
EndGlobal
